
Microsoft Visual Studio Solution File, Format Version 12.00
# Visual Studio 15
VisualStudioVersion = 15.0.28010.2048
MinimumVisualStudioVersion = 10.0.40219.1
Project("{FAE04EC0-301F-11D3-BF4B-00C04F79EFBC}") = "Mongo_WebAPI", "Mongo_WebAPI\Mongo_WebAPI.csproj", "{371FC155-A4C2-4DF3-B986-99855D3B4EB4}"
EndProject
Project("{FAE04EC0-301F-11D3-BF4B-00C04F79EFBC}") = "DALayer", "DALayer\DALayer.csproj", "{DFD02818-527C-4E21-A58D-A4348AE9C606}"
EndProject
Global
	GlobalSection(SolutionConfigurationPlatforms) = preSolution
		Debug|Any CPU = Debug|Any CPU
		Release|Any CPU = Release|Any CPU
	EndGlobalSection
	GlobalSection(ProjectConfigurationPlatforms) = postSolution
		{371FC155-A4C2-4DF3-B986-99855D3B4EB4}.Debug|Any CPU.ActiveCfg = Debug|Any CPU
		{371FC155-A4C2-4DF3-B986-99855D3B4EB4}.Debug|Any CPU.Build.0 = Debug|Any CPU
		{371FC155-A4C2-4DF3-B986-99855D3B4EB4}.Release|Any CPU.ActiveCfg = Release|Any CPU
		{371FC155-A4C2-4DF3-B986-99855D3B4EB4}.Release|Any CPU.Build.0 = Release|Any CPU
		{DFD02818-527C-4E21-A58D-A4348AE9C606}.Debug|Any CPU.ActiveCfg = Debug|Any CPU
		{DFD02818-527C-4E21-A58D-A4348AE9C606}.Debug|Any CPU.Build.0 = Debug|Any CPU
		{DFD02818-527C-4E21-A58D-A4348AE9C606}.Release|Any CPU.ActiveCfg = Release|Any CPU
		{DFD02818-527C-4E21-A58D-A4348AE9C606}.Release|Any CPU.Build.0 = Release|Any CPU
	EndGlobalSection
	GlobalSection(SolutionProperties) = preSolution
		HideSolutionNode = FALSE
	EndGlobalSection
	GlobalSection(ExtensibilityGlobals) = postSolution
		SolutionGuid = {9E5F5D99-26AD-447D-BBC8-D1F9B563A7A6}
	EndGlobalSection
EndGlobal
